// !$*UTF8*$!
{
	archiveVersion = 1;
	classes = {
	};
	objectVersion = 56;
	objects = {

/* Begin PBXBuildFile section */
		9F0DEA162AE13CC5009376F1 /* RickAndMortyLibraryApp.swift in Sources */ = {isa = PBXBuildFile; fileRef = 9F0DEA152AE13CC5009376F1 /* RickAndMortyLibraryApp.swift */; };
		9F0DEA182AE13CC5009376F1 /* ContentView.swift in Sources */ = {isa = PBXBuildFile; fileRef = 9F0DEA172AE13CC5009376F1 /* ContentView.swift */; };
		9F0DEA1A2AE13CC6009376F1 /* Assets.xcassets in Resources */ = {isa = PBXBuildFile; fileRef = 9F0DEA192AE13CC6009376F1 /* Assets.xcassets */; };
		9F0DEA1D2AE13CC6009376F1 /* Preview Assets.xcassets in Resources */ = {isa = PBXBuildFile; fileRef = 9F0DEA1C2AE13CC6009376F1 /* Preview Assets.xcassets */; };
		9F0DEA2D2AE149A9009376F1 /* CharacterModelDTO.swift in Sources */ = {isa = PBXBuildFile; fileRef = 9F0DEA2C2AE149A9009376F1 /* CharacterModelDTO.swift */; };
		9F0DEA2F2AE149C6009376F1 /* CharacterModelBO.swift in Sources */ = {isa = PBXBuildFile; fileRef = 9F0DEA2E2AE149C6009376F1 /* CharacterModelBO.swift */; };
		9F0DEA312AE149E1009376F1 /* CharacterMapper.swift in Sources */ = {isa = PBXBuildFile; fileRef = 9F0DEA302AE149E1009376F1 /* CharacterMapper.swift */; };
		9F0DEA352AE157AF009376F1 /* RickAndMortyServices.swift in Sources */ = {isa = PBXBuildFile; fileRef = 9F0DEA342AE157AF009376F1 /* RickAndMortyServices.swift */; };
		9F0DEA382AE15F23009376F1 /* ListCharactersView.swift in Sources */ = {isa = PBXBuildFile; fileRef = 9F0DEA372AE15F23009376F1 /* ListCharactersView.swift */; };
		9F0DEA3A2AE15F3B009376F1 /* ListCharactersViewModel.swift in Sources */ = {isa = PBXBuildFile; fileRef = 9F0DEA392AE15F3B009376F1 /* ListCharactersViewModel.swift */; };
		9F0DEA3C2AE17AF6009376F1 /* Util.swift in Sources */ = {isa = PBXBuildFile; fileRef = 9F0DEA3B2AE17AF6009376F1 /* Util.swift */; };
		9F0DEA402AE18559009376F1 /* AppImage.swift in Sources */ = {isa = PBXBuildFile; fileRef = 9F0DEA3F2AE18559009376F1 /* AppImage.swift */; };
/* End PBXBuildFile section */

/* Begin PBXFileReference section */
		9F0DEA122AE13CC5009376F1 /* RickAndMortyLibrary.app */ = {isa = PBXFileReference; explicitFileType = wrapper.application; includeInIndex = 0; path = RickAndMortyLibrary.app; sourceTree = BUILT_PRODUCTS_DIR; };
		9F0DEA152AE13CC5009376F1 /* RickAndMortyLibraryApp.swift */ = {isa = PBXFileReference; lastKnownFileType = sourcecode.swift; path = RickAndMortyLibraryApp.swift; sourceTree = "<group>"; };
		9F0DEA172AE13CC5009376F1 /* ContentView.swift */ = {isa = PBXFileReference; lastKnownFileType = sourcecode.swift; path = ContentView.swift; sourceTree = "<group>"; };
		9F0DEA192AE13CC6009376F1 /* Assets.xcassets */ = {isa = PBXFileReference; lastKnownFileType = folder.assetcatalog; path = Assets.xcassets; sourceTree = "<group>"; };
		9F0DEA1C2AE13CC6009376F1 /* Preview Assets.xcassets */ = {isa = PBXFileReference; lastKnownFileType = folder.assetcatalog; path = "Preview Assets.xcassets"; sourceTree = "<group>"; };
		9F0DEA2C2AE149A9009376F1 /* CharacterModelDTO.swift */ = {isa = PBXFileReference; lastKnownFileType = sourcecode.swift; path = CharacterModelDTO.swift; sourceTree = "<group>"; };
		9F0DEA2E2AE149C6009376F1 /* CharacterModelBO.swift */ = {isa = PBXFileReference; lastKnownFileType = sourcecode.swift; path = CharacterModelBO.swift; sourceTree = "<group>"; };
		9F0DEA302AE149E1009376F1 /* CharacterMapper.swift */ = {isa = PBXFileReference; lastKnownFileType = sourcecode.swift; path = CharacterMapper.swift; sourceTree = "<group>"; };
		9F0DEA342AE157AF009376F1 /* RickAndMortyServices.swift */ = {isa = PBXFileReference; lastKnownFileType = sourcecode.swift; path = RickAndMortyServices.swift; sourceTree = "<group>"; };
		9F0DEA372AE15F23009376F1 /* ListCharactersView.swift */ = {isa = PBXFileReference; lastKnownFileType = sourcecode.swift; path = ListCharactersView.swift; sourceTree = "<group>"; };
		9F0DEA392AE15F3B009376F1 /* ListCharactersViewModel.swift */ = {isa = PBXFileReference; lastKnownFileType = sourcecode.swift; path = ListCharactersViewModel.swift; sourceTree = "<group>"; };
		9F0DEA3B2AE17AF6009376F1 /* Util.swift */ = {isa = PBXFileReference; lastKnownFileType = sourcecode.swift; path = Util.swift; sourceTree = "<group>"; };
		9F0DEA3F2AE18559009376F1 /* AppImage.swift */ = {isa = PBXFileReference; lastKnownFileType = sourcecode.swift; path = AppImage.swift; sourceTree = "<group>"; };
/* End PBXFileReference section */

/* Begin PBXFrameworksBuildPhase section */
		9F0DEA0F2AE13CC5009376F1 /* Frameworks */ = {
			isa = PBXFrameworksBuildPhase;
			buildActionMask = 2147483647;
			files = (
			);
			runOnlyForDeploymentPostprocessing = 0;
		};
/* End PBXFrameworksBuildPhase section */

/* Begin PBXGroup section */
		9F0DEA092AE13CC5009376F1 = {
			isa = PBXGroup;
			children = (
				9F0DEA142AE13CC5009376F1 /* RickAndMortyLibrary */,
				9F0DEA132AE13CC5009376F1 /* Products */,
			);
			sourceTree = "<group>";
		};
		9F0DEA132AE13CC5009376F1 /* Products */ = {
			isa = PBXGroup;
			children = (
				9F0DEA122AE13CC5009376F1 /* RickAndMortyLibrary.app */,
			);
			name = Products;
			sourceTree = "<group>";
		};
		9F0DEA142AE13CC5009376F1 /* RickAndMortyLibrary */ = {
			isa = PBXGroup;
			children = (
				9F0DEA272AE1440E009376F1 /* Model */,
				9F0DEA262AE143FD009376F1 /* UseCases */,
				9F0DEA252AE143F3009376F1 /* Provider */,
				9F0DEA242AE143E1009376F1 /* Utils */,
				9F0DEA232AE142CB009376F1 /* SupportingFiles */,
				9F0DEA152AE13CC5009376F1 /* RickAndMortyLibraryApp.swift */,
				9F0DEA172AE13CC5009376F1 /* ContentView.swift */,
				9F0DEA192AE13CC6009376F1 /* Assets.xcassets */,
				9F0DEA1B2AE13CC6009376F1 /* Preview Content */,
			);
			path = RickAndMortyLibrary;
			sourceTree = "<group>";
		};
		9F0DEA1B2AE13CC6009376F1 /* Preview Content */ = {
			isa = PBXGroup;
			children = (
				9F0DEA1C2AE13CC6009376F1 /* Preview Assets.xcassets */,
			);
			path = "Preview Content";
			sourceTree = "<group>";
		};
		9F0DEA232AE142CB009376F1 /* SupportingFiles */ = {
			isa = PBXGroup;
			children = (
			);
			path = SupportingFiles;
			sourceTree = "<group>";
		};
		9F0DEA242AE143E1009376F1 /* Utils */ = {
			isa = PBXGroup;
			children = (
				9F0DEA3B2AE17AF6009376F1 /* Util.swift */,
			);
			path = Utils;
			sourceTree = "<group>";
		};
		9F0DEA252AE143F3009376F1 /* Provider */ = {
			isa = PBXGroup;
			children = (
				9F0DEA322AE1575C009376F1 /* Services */,
			);
			path = Provider;
			sourceTree = "<group>";
		};
		9F0DEA262AE143FD009376F1 /* UseCases */ = {
			isa = PBXGroup;
			children = (
				9F0DEA362AE15EE6009376F1 /* ListCharacters */,
				9F0DEA3D2AE18538009376F1 /* Components */,
			);
			path = UseCases;
			sourceTree = "<group>";
		};
		9F0DEA272AE1440E009376F1 /* Model */ = {
			isa = PBXGroup;
			children = (
				9F0DEA282AE1497E009376F1 /* Character */,
			);
			path = Model;
			sourceTree = "<group>";
		};
		9F0DEA282AE1497E009376F1 /* Character */ = {
			isa = PBXGroup;
			children = (
				9F0DEA2B2AE14995009376F1 /* DTO */,
				9F0DEA2A2AE1498F009376F1 /* BO */,
				9F0DEA292AE14987009376F1 /* Mapper */,
			);
			path = Character;
			sourceTree = "<group>";
		};
		9F0DEA292AE14987009376F1 /* Mapper */ = {
			isa = PBXGroup;
			children = (
				9F0DEA302AE149E1009376F1 /* CharacterMapper.swift */,
			);
			path = Mapper;
			sourceTree = "<group>";
		};
		9F0DEA2A2AE1498F009376F1 /* BO */ = {
			isa = PBXGroup;
			children = (
				9F0DEA2E2AE149C6009376F1 /* CharacterModelBO.swift */,
			);
			path = BO;
			sourceTree = "<group>";
		};
		9F0DEA2B2AE14995009376F1 /* DTO */ = {
			isa = PBXGroup;
			children = (
				9F0DEA2C2AE149A9009376F1 /* CharacterModelDTO.swift */,
			);
			path = DTO;
			sourceTree = "<group>";
		};
		9F0DEA322AE1575C009376F1 /* Services */ = {
			isa = PBXGroup;
			children = (
				9F0DEA332AE15798009376F1 /* RickAndMortyApi */,
			);
			path = Services;
			sourceTree = "<group>";
		};
		9F0DEA332AE15798009376F1 /* RickAndMortyApi */ = {
			isa = PBXGroup;
			children = (
				9F0DEA342AE157AF009376F1 /* RickAndMortyServices.swift */,
			);
			path = RickAndMortyApi;
			sourceTree = "<group>";
		};
		9F0DEA362AE15EE6009376F1 /* ListCharacters */ = {
			isa = PBXGroup;
			children = (
				9F0DEA372AE15F23009376F1 /* ListCharactersView.swift */,
				9F0DEA392AE15F3B009376F1 /* ListCharactersViewModel.swift */,
			);
			path = ListCharacters;
			sourceTree = "<group>";
		};
		9F0DEA3D2AE18538009376F1 /* Components */ = {
			isa = PBXGroup;
			children = (
				9F0DEA3E2AE18547009376F1 /* AppImage */,
			);
			path = Components;
			sourceTree = "<group>";
		};
		9F0DEA3E2AE18547009376F1 /* AppImage */ = {
			isa = PBXGroup;
			children = (
				9F0DEA3F2AE18559009376F1 /* AppImage.swift */,
			);
			path = AppImage;
			sourceTree = "<group>";
		};
/* End PBXGroup section */

/* Begin PBXNativeTarget section */
		9F0DEA112AE13CC5009376F1 /* RickAndMortyLibrary */ = {
			isa = PBXNativeTarget;
			buildConfigurationList = 9F0DEA202AE13CC6009376F1 /* Build configuration list for PBXNativeTarget "RickAndMortyLibrary" */;
			buildPhases = (
				9F0DEA0E2AE13CC5009376F1 /* Sources */,
				9F0DEA0F2AE13CC5009376F1 /* Frameworks */,
				9F0DEA102AE13CC5009376F1 /* Resources */,
			);
			buildRules = (
			);
			dependencies = (
			);
			name = RickAndMortyLibrary;
			productName = RickAndMortyLibrary;
			productReference = 9F0DEA122AE13CC5009376F1 /* RickAndMortyLibrary.app */;
			productType = "com.apple.product-type.application";
		};
/* End PBXNativeTarget section */

/* Begin PBXProject section */
		9F0DEA0A2AE13CC5009376F1 /* Project object */ = {
			isa = PBXProject;
			attributes = {
				BuildIndependentTargetsInParallel = 1;
				LastSwiftUpdateCheck = 1500;
				LastUpgradeCheck = 1500;
				TargetAttributes = {
					9F0DEA112AE13CC5009376F1 = {
						CreatedOnToolsVersion = 15.0;
					};
				};
			};
			buildConfigurationList = 9F0DEA0D2AE13CC5009376F1 /* Build configuration list for PBXProject "RickAndMortyLibrary" */;
			compatibilityVersion = "Xcode 14.0";
			developmentRegion = en;
			hasScannedForEncodings = 0;
			knownRegions = (
				en,
				Base,
			);
			mainGroup = 9F0DEA092AE13CC5009376F1;
			productRefGroup = 9F0DEA132AE13CC5009376F1 /* Products */;
			projectDirPath = "";
			projectRoot = "";
			targets = (
				9F0DEA112AE13CC5009376F1 /* RickAndMortyLibrary */,
			);
		};
/* End PBXProject section */

/* Begin PBXResourcesBuildPhase section */
		9F0DEA102AE13CC5009376F1 /* Resources */ = {
			isa = PBXResourcesBuildPhase;
			buildActionMask = 2147483647;
			files = (
				9F0DEA1D2AE13CC6009376F1 /* Preview Assets.xcassets in Resources */,
				9F0DEA1A2AE13CC6009376F1 /* Assets.xcassets in Resources */,
			);
			runOnlyForDeploymentPostprocessing = 0;
		};
/* End PBXResourcesBuildPhase section */

/* Begin PBXSourcesBuildPhase section */
		9F0DEA0E2AE13CC5009376F1 /* Sources */ = {
			isa = PBXSourcesBuildPhase;
			buildActionMask = 2147483647;
			files = (
				9F0DEA3A2AE15F3B009376F1 /* ListCharactersViewModel.swift in Sources */,
				9F0DEA3C2AE17AF6009376F1 /* Util.swift in Sources */,
				9F0DEA352AE157AF009376F1 /* RickAndMortyServices.swift in Sources */,
				9F0DEA312AE149E1009376F1 /* CharacterMapper.swift in Sources */,
				9F0DEA2F2AE149C6009376F1 /* CharacterModelBO.swift in Sources */,
				9F0DEA382AE15F23009376F1 /* ListCharactersView.swift in Sources */,
				9F0DEA2D2AE149A9009376F1 /* CharacterModelDTO.swift in Sources */,
				9F0DEA182AE13CC5009376F1 /* ContentView.swift in Sources */,
				9F0DEA162AE13CC5009376F1 /* RickAndMortyLibraryApp.swift in Sources */,
				9F0DEA402AE18559009376F1 /* AppImage.swift in Sources */,
			);
			runOnlyForDeploymentPostprocessing = 0;
		};
/* End PBXSourcesBuildPhase section */

/* Begin XCBuildConfiguration section */
		9F0DEA1E2AE13CC6009376F1 /* Debug */ = {
			isa = XCBuildConfiguration;
			buildSettings = {
				ALWAYS_SEARCH_USER_PATHS = NO;
				ASSETCATALOG_COMPILER_GENERATE_SWIFT_ASSET_SYMBOL_EXTENSIONS = YES;
				CLANG_ANALYZER_NONNULL = YES;
				CLANG_ANALYZER_NUMBER_OBJECT_CONVERSION = YES_AGGRESSIVE;
				CLANG_CXX_LANGUAGE_STANDARD = "gnu++20";
				CLANG_ENABLE_MODULES = YES;
				CLANG_ENABLE_OBJC_ARC = YES;
				CLANG_ENABLE_OBJC_WEAK = YES;
				CLANG_WARN_BLOCK_CAPTURE_AUTORELEASING = YES;
				CLANG_WARN_BOOL_CONVERSION = YES;
				CLANG_WARN_COMMA = YES;
				CLANG_WARN_CONSTANT_CONVERSION = YES;
				CLANG_WARN_DEPRECATED_OBJC_IMPLEMENTATIONS = YES;
				CLANG_WARN_DIRECT_OBJC_ISA_USAGE = YES_ERROR;
				CLANG_WARN_DOCUMENTATION_COMMENTS = YES;
				CLANG_WARN_EMPTY_BODY = YES;
				CLANG_WARN_ENUM_CONVERSION = YES;
				CLANG_WARN_INFINITE_RECURSION = YES;
				CLANG_WARN_INT_CONVERSION = YES;
				CLANG_WARN_NON_LITERAL_NULL_CONVERSION = YES;
				CLANG_WARN_OBJC_IMPLICIT_RETAIN_SELF = YES;
				CLANG_WARN_OBJC_LITERAL_CONVERSION = YES;
				CLANG_WARN_OBJC_ROOT_CLASS = YES_ERROR;
				CLANG_WARN_QUOTED_INCLUDE_IN_FRAMEWORK_HEADER = YES;
				CLANG_WARN_RANGE_LOOP_ANALYSIS = YES;
				CLANG_WARN_STRICT_PROTOTYPES = YES;
				CLANG_WARN_SUSPICIOUS_MOVE = YES;
				CLANG_WARN_UNGUARDED_AVAILABILITY = YES_AGGRESSIVE;
				CLANG_WARN_UNREACHABLE_CODE = YES;
				CLANG_WARN__DUPLICATE_METHOD_MATCH = YES;
				COPY_PHASE_STRIP = NO;
				DEBUG_INFORMATION_FORMAT = dwarf;
				ENABLE_STRICT_OBJC_MSGSEND = YES;
				ENABLE_TESTABILITY = YES;
				ENABLE_USER_SCRIPT_SANDBOXING = YES;
				GCC_C_LANGUAGE_STANDARD = gnu17;
				GCC_DYNAMIC_NO_PIC = NO;
				GCC_NO_COMMON_BLOCKS = YES;
				GCC_OPTIMIZATION_LEVEL = 0;
				GCC_PREPROCESSOR_DEFINITIONS = (
					"DEBUG=1",
					"$(inherited)",
				);
				GCC_WARN_64_TO_32_BIT_CONVERSION = YES;
				GCC_WARN_ABOUT_RETURN_TYPE = YES_ERROR;
				GCC_WARN_UNDECLARED_SELECTOR = YES;
				GCC_WARN_UNINITIALIZED_AUTOS = YES_AGGRESSIVE;
				GCC_WARN_UNUSED_FUNCTION = YES;
				GCC_WARN_UNUSED_VARIABLE = YES;
				IPHONEOS_DEPLOYMENT_TARGET = 17.0;
				LOCALIZATION_PREFERS_STRING_CATALOGS = YES;
				MTL_ENABLE_DEBUG_INFO = INCLUDE_SOURCE;
				MTL_FAST_MATH = YES;
				ONLY_ACTIVE_ARCH = YES;
				SDKROOT = iphoneos;
				SWIFT_ACTIVE_COMPILATION_CONDITIONS = "DEBUG $(inherited)";
				SWIFT_OPTIMIZATION_LEVEL = "-Onone";
			};
			name = Debug;
		};
		9F0DEA1F2AE13CC6009376F1 /* Release */ = {
			isa = XCBuildConfiguration;
			buildSettings = {
				ALWAYS_SEARCH_USER_PATHS = NO;
				ASSETCATALOG_COMPILER_GENERATE_SWIFT_ASSET_SYMBOL_EXTENSIONS = YES;
				CLANG_ANALYZER_NONNULL = YES;
				CLANG_ANALYZER_NUMBER_OBJECT_CONVERSION = YES_AGGRESSIVE;
				CLANG_CXX_LANGUAGE_STANDARD = "gnu++20";
				CLANG_ENABLE_MODULES = YES;
				CLANG_ENABLE_OBJC_ARC = YES;
				CLANG_ENABLE_OBJC_WEAK = YES;
				CLANG_WARN_BLOCK_CAPTURE_AUTORELEASING = YES;
				CLANG_WARN_BOOL_CONVERSION = YES;
				CLANG_WARN_COMMA = YES;
				CLANG_WARN_CONSTANT_CONVERSION = YES;
				CLANG_WARN_DEPRECATED_OBJC_IMPLEMENTATIONS = YES;
				CLANG_WARN_DIRECT_OBJC_ISA_USAGE = YES_ERROR;
				CLANG_WARN_DOCUMENTATION_COMMENTS = YES;
				CLANG_WARN_EMPTY_BODY = YES;
				CLANG_WARN_ENUM_CONVERSION = YES;
				CLANG_WARN_INFINITE_RECURSION = YES;
				CLANG_WARN_INT_CONVERSION = YES;
				CLANG_WARN_NON_LITERAL_NULL_CONVERSION = YES;
				CLANG_WARN_OBJC_IMPLICIT_RETAIN_SELF = YES;
				CLANG_WARN_OBJC_LITERAL_CONVERSION = YES;
				CLANG_WARN_OBJC_ROOT_CLASS = YES_ERROR;
				CLANG_WARN_QUOTED_INCLUDE_IN_FRAMEWORK_HEADER = YES;
				CLANG_WARN_RANGE_LOOP_ANALYSIS = YES;
				CLANG_WARN_STRICT_PROTOTYPES = YES;
				CLANG_WARN_SUSPICIOUS_MOVE = YES;
				CLANG_WARN_UNGUARDED_AVAILABILITY = YES_AGGRESSIVE;
				CLANG_WARN_UNREACHABLE_CODE = YES;
				CLANG_WARN__DUPLICATE_METHOD_MATCH = YES;
				COPY_PHASE_STRIP = NO;
				DEBUG_INFORMATION_FORMAT = "dwarf-with-dsym";
				ENABLE_NS_ASSERTIONS = NO;
				ENABLE_STRICT_OBJC_MSGSEND = YES;
				ENABLE_USER_SCRIPT_SANDBOXING = YES;
				GCC_C_LANGUAGE_STANDARD = gnu17;
				GCC_NO_COMMON_BLOCKS = YES;
				GCC_WARN_64_TO_32_BIT_CONVERSION = YES;
				GCC_WARN_ABOUT_RETURN_TYPE = YES_ERROR;
				GCC_WARN_UNDECLARED_SELECTOR = YES;
				GCC_WARN_UNINITIALIZED_AUTOS = YES_AGGRESSIVE;
				GCC_WARN_UNUSED_FUNCTION = YES;
				GCC_WARN_UNUSED_VARIABLE = YES;
				IPHONEOS_DEPLOYMENT_TARGET = 17.0;
				LOCALIZATION_PREFERS_STRING_CATALOGS = YES;
				MTL_ENABLE_DEBUG_INFO = NO;
				MTL_FAST_MATH = YES;
				SDKROOT = iphoneos;
				SWIFT_COMPILATION_MODE = wholemodule;
				VALIDATE_PRODUCT = YES;
			};
			name = Release;
		};
		9F0DEA212AE13CC6009376F1 /* Debug */ = {
			isa = XCBuildConfiguration;
			buildSettings = {
				ASSETCATALOG_COMPILER_APPICON_NAME = AppIcon;
				ASSETCATALOG_COMPILER_GLOBAL_ACCENT_COLOR_NAME = AccentColor;
				CODE_SIGN_STYLE = Automatic;
				CURRENT_PROJECT_VERSION = 1;
				DEVELOPMENT_ASSET_PATHS = "\"RickAndMortyLibrary/Preview Content\"";
				DEVELOPMENT_TEAM = NV5FY49WBP;
				ENABLE_PREVIEWS = YES;
				GENERATE_INFOPLIST_FILE = YES;
				INFOPLIST_KEY_UIApplicationSceneManifest_Generation = YES;
				INFOPLIST_KEY_UIApplicationSupportsIndirectInputEvents = YES;
				INFOPLIST_KEY_UILaunchScreen_Generation = YES;
				INFOPLIST_KEY_UISupportedInterfaceOrientations_iPad = "UIInterfaceOrientationPortrait UIInterfaceOrientationPortraitUpsideDown UIInterfaceOrientationLandscapeLeft UIInterfaceOrientationLandscapeRight";
				INFOPLIST_KEY_UISupportedInterfaceOrientations_iPhone = "UIInterfaceOrientationPortrait UIInterfaceOrientationLandscapeLeft UIInterfaceOrientationLandscapeRight";
				IPHONEOS_DEPLOYMENT_TARGET = 14.0;
				LD_RUNPATH_SEARCH_PATHS = (
					"$(inherited)",
					"@executable_path/Frameworks",
				);
				MARKETING_VERSION = 1.0;
				PRODUCT_BUNDLE_IDENTIFIER = andresaleu.RickAndMortyLibrary;
				PRODUCT_NAME = "$(TARGET_NAME)";
				SWIFT_EMIT_LOC_STRINGS = YES;
				SWIFT_VERSION = 5.0;
				TARGETED_DEVICE_FAMILY = "1,2";
			};
			name = Debug;
		};
		9F0DEA222AE13CC6009376F1 /* Release */ = {
			isa = XCBuildConfiguration;
			buildSettings = {
				ASSETCATALOG_COMPILER_APPICON_NAME = AppIcon;
				ASSETCATALOG_COMPILER_GLOBAL_ACCENT_COLOR_NAME = AccentColor;
				CODE_SIGN_STYLE = Automatic;
				CURRENT_PROJECT_VERSION = 1;
				DEVELOPMENT_ASSET_PATHS = "\"RickAndMortyLibrary/Preview Content\"";
				DEVELOPMENT_TEAM = NV5FY49WBP;
				ENABLE_PREVIEWS = YES;
				GENERATE_INFOPLIST_FILE = YES;
				INFOPLIST_KEY_UIApplicationSceneManifest_Generation = YES;
				INFOPLIST_KEY_UIApplicationSupportsIndirectInputEvents = YES;
				INFOPLIST_KEY_UILaunchScreen_Generation = YES;
				INFOPLIST_KEY_UISupportedInterfaceOrientations_iPad = "UIInterfaceOrientationPortrait UIInterfaceOrientationPortraitUpsideDown UIInterfaceOrientationLandscapeLeft UIInterfaceOrientationLandscapeRight";
				INFOPLIST_KEY_UISupportedInterfaceOrientations_iPhone = "UIInterfaceOrientationPortrait UIInterfaceOrientationLandscapeLeft UIInterfaceOrientationLandscapeRight";
				IPHONEOS_DEPLOYMENT_TARGET = 14.0;
				LD_RUNPATH_SEARCH_PATHS = (
					"$(inherited)",
					"@executable_path/Frameworks",
				);
				MARKETING_VERSION = 1.0;
				PRODUCT_BUNDLE_IDENTIFIER = andresaleu.RickAndMortyLibrary;
				PRODUCT_NAME = "$(TARGET_NAME)";
				SWIFT_EMIT_LOC_STRINGS = YES;
				SWIFT_VERSION = 5.0;
				TARGETED_DEVICE_FAMILY = "1,2";
			};
			name = Release;
		};
/* End XCBuildConfiguration section */

/* Begin XCConfigurationList section */
		9F0DEA0D2AE13CC5009376F1 /* Build configuration list for PBXProject "RickAndMortyLibrary" */ = {
			isa = XCConfigurationList;
			buildConfigurations = (
				9F0DEA1E2AE13CC6009376F1 /* Debug */,
				9F0DEA1F2AE13CC6009376F1 /* Release */,
			);
			defaultConfigurationIsVisible = 0;
			defaultConfigurationName = Release;
		};
		9F0DEA202AE13CC6009376F1 /* Build configuration list for PBXNativeTarget "RickAndMortyLibrary" */ = {
			isa = XCConfigurationList;
			buildConfigurations = (
				9F0DEA212AE13CC6009376F1 /* Debug */,
				9F0DEA222AE13CC6009376F1 /* Release */,
			);
			defaultConfigurationIsVisible = 0;
			defaultConfigurationName = Release;
		};
/* End XCConfigurationList section */
	};
	rootObject = 9F0DEA0A2AE13CC5009376F1 /* Project object */;
}
