// !$*UTF8*$!
{
	archiveVersion = 1;
	classes = {
	};
	objectVersion = 56;
	objects = {

/* Begin PBXBuildFile section */
		9F0C75D22B31C30F00DF1CB7 /* TabBarView.swift in Sources */ = {isa = PBXBuildFile; fileRef = 9F0C75D12B31C30F00DF1CB7 /* TabBarView.swift */; };
		9F0DEA162AE13CC5009376F1 /* RickAndMortyLibraryApp.swift in Sources */ = {isa = PBXBuildFile; fileRef = 9F0DEA152AE13CC5009376F1 /* RickAndMortyLibraryApp.swift */; };
		9F0DEA1A2AE13CC6009376F1 /* Assets.xcassets in Resources */ = {isa = PBXBuildFile; fileRef = 9F0DEA192AE13CC6009376F1 /* Assets.xcassets */; };
		9F0DEA1D2AE13CC6009376F1 /* Preview Assets.xcassets in Resources */ = {isa = PBXBuildFile; fileRef = 9F0DEA1C2AE13CC6009376F1 /* Preview Assets.xcassets */; };
		9F0DEA2D2AE149A9009376F1 /* CharacterModelDTO.swift in Sources */ = {isa = PBXBuildFile; fileRef = 9F0DEA2C2AE149A9009376F1 /* CharacterModelDTO.swift */; };
		9F0DEA2F2AE149C6009376F1 /* CharacterModelBO.swift in Sources */ = {isa = PBXBuildFile; fileRef = 9F0DEA2E2AE149C6009376F1 /* CharacterModelBO.swift */; };
		9F0DEA312AE149E1009376F1 /* CharacterMapper.swift in Sources */ = {isa = PBXBuildFile; fileRef = 9F0DEA302AE149E1009376F1 /* CharacterMapper.swift */; };
		9F0DEA382AE15F23009376F1 /* ListHomeView.swift in Sources */ = {isa = PBXBuildFile; fileRef = 9F0DEA372AE15F23009376F1 /* ListHomeView.swift */; };
		9F0DEA3A2AE15F3B009376F1 /* ListHomeViewModel.swift in Sources */ = {isa = PBXBuildFile; fileRef = 9F0DEA392AE15F3B009376F1 /* ListHomeViewModel.swift */; };
		9F0DEA3C2AE17AF6009376F1 /* Util.swift in Sources */ = {isa = PBXBuildFile; fileRef = 9F0DEA3B2AE17AF6009376F1 /* Util.swift */; };
		9F0DEA402AE18559009376F1 /* AppImage.swift in Sources */ = {isa = PBXBuildFile; fileRef = 9F0DEA3F2AE18559009376F1 /* AppImage.swift */; };
		9F0DEA452AE18C8C009376F1 /* CharacterRowView.swift in Sources */ = {isa = PBXBuildFile; fileRef = 9F0DEA442AE18C8C009376F1 /* CharacterRowView.swift */; };
		9F0DEA512AE1D92E009376F1 /* DetailViewModel.swift in Sources */ = {isa = PBXBuildFile; fileRef = 9F0DEA502AE1D92E009376F1 /* DetailViewModel.swift */; };
		9F0DEA532AE1D93B009376F1 /* DetailView.swift in Sources */ = {isa = PBXBuildFile; fileRef = 9F0DEA522AE1D93B009376F1 /* DetailView.swift */; };
		9F798BCB2B18FFA7008BEC6E /* ListWithSeparation.swift in Sources */ = {isa = PBXBuildFile; fileRef = 9F798BCA2B18FFA7008BEC6E /* ListWithSeparation.swift */; };
		9F8445F92AF1E50700460822 /* SectionImageView.swift in Sources */ = {isa = PBXBuildFile; fileRef = 9F8445F82AF1E50700460822 /* SectionImageView.swift */; };
		9F8445FB2AF1E6B200460822 /* SectionInformationView.swift in Sources */ = {isa = PBXBuildFile; fileRef = 9F8445FA2AF1E6B200460822 /* SectionInformationView.swift */; };
		9F8445FD2AF1E6F700460822 /* SectionEpisodesAndCharactersView.swift in Sources */ = {isa = PBXBuildFile; fileRef = 9F8445FC2AF1E6F700460822 /* SectionEpisodesAndCharactersView.swift */; };
		9F85AA8A2AE66BF400949BBD /* AsyncImageView.swift in Sources */ = {isa = PBXBuildFile; fileRef = 9F85AA892AE66BF400949BBD /* AsyncImageView.swift */; };
		9F8814882AE26F4700448501 /* EpisodeModelDTO.swift in Sources */ = {isa = PBXBuildFile; fileRef = 9F8814872AE26F4700448501 /* EpisodeModelDTO.swift */; };
		9F88148A2AE26F5300448501 /* EpisodeModelBO.swift in Sources */ = {isa = PBXBuildFile; fileRef = 9F8814892AE26F5300448501 /* EpisodeModelBO.swift */; };
		9F88148C2AE26F6100448501 /* EpisodeMapper.swift in Sources */ = {isa = PBXBuildFile; fileRef = 9F88148B2AE26F6100448501 /* EpisodeMapper.swift */; };
		9F88148E2AE2975B00448501 /* ErrorHandler.swift in Sources */ = {isa = PBXBuildFile; fileRef = 9F88148D2AE2975B00448501 /* ErrorHandler.swift */; };
		9F8814902AE2A96A00448501 /* Constants.swift in Sources */ = {isa = PBXBuildFile; fileRef = 9F88148F2AE2A96A00448501 /* Constants.swift */; };
		9F8814922AE2BBBE00448501 /* README.md in Resources */ = {isa = PBXBuildFile; fileRef = 9F8814912AE2BBBE00448501 /* README.md */; };
		9F8CFF102B028A6100BC00EC /* SectionDetailView.swift in Sources */ = {isa = PBXBuildFile; fileRef = 9F8CFF0F2B028A6100BC00EC /* SectionDetailView.swift */; };
		9F8CFF192B04D92E00BC00EC /* Repository.swift in Sources */ = {isa = PBXBuildFile; fileRef = 9F8CFF182B04D92E00BC00EC /* Repository.swift */; };
		9F8CFF1B2B04DA4800BC00EC /* InteractorRickAndMorty.swift in Sources */ = {isa = PBXBuildFile; fileRef = 9F8CFF1A2B04DA4800BC00EC /* InteractorRickAndMorty.swift */; };
		9FAAFBB82B0B75A500D65E6F /* TitleRowView.swift in Sources */ = {isa = PBXBuildFile; fileRef = 9FAAFBB72B0B75A500D65E6F /* TitleRowView.swift */; };
		9FAAFBBB2B0B83CC00D65E6F /* HomeModelVO.swift in Sources */ = {isa = PBXBuildFile; fileRef = 9FAAFBBA2B0B83CC00D65E6F /* HomeModelVO.swift */; };
		9FAAFBC12B0B880100D65E6F /* LocationModelDTO.swift in Sources */ = {isa = PBXBuildFile; fileRef = 9FAAFBC02B0B880100D65E6F /* LocationModelDTO.swift */; };
		9FAAFBC32B0B881000D65E6F /* LocationModelBO.swift in Sources */ = {isa = PBXBuildFile; fileRef = 9FAAFBC22B0B881000D65E6F /* LocationModelBO.swift */; };
		9FAAFBC52B0B882000D65E6F /* LocationMapper.swift in Sources */ = {isa = PBXBuildFile; fileRef = 9FAAFBC42B0B882000D65E6F /* LocationMapper.swift */; };
		9FAAFBCC2B0BCFE700D65E6F /* HomeViewProtocols.swift in Sources */ = {isa = PBXBuildFile; fileRef = 9FAAFBCB2B0BCFE700D65E6F /* HomeViewProtocols.swift */; };
		9FAAFBCE2B0CD53800D65E6F /* DetailViewProtocols.swift in Sources */ = {isa = PBXBuildFile; fileRef = 9FAAFBCD2B0CD53800D65E6F /* DetailViewProtocols.swift */; };
		9FAAFBD02B0CD69800D65E6F /* DetailModelVO.swift in Sources */ = {isa = PBXBuildFile; fileRef = 9FAAFBCF2B0CD69800D65E6F /* DetailModelVO.swift */; };
		9FB5F8532B61073F00C4042D /* StyleList.swift in Sources */ = {isa = PBXBuildFile; fileRef = 9FB5F8522B61073F00C4042D /* StyleList.swift */; };
		9FF9F9082AF18EAB00411BCC /* InfoDetailCharacterRowView.swift in Sources */ = {isa = PBXBuildFile; fileRef = 9FF9F9072AF18EAB00411BCC /* InfoDetailCharacterRowView.swift */; };
/* End PBXBuildFile section */

/* Begin PBXFileReference section */
		9F0C75D12B31C30F00DF1CB7 /* TabBarView.swift */ = {isa = PBXFileReference; lastKnownFileType = sourcecode.swift; path = TabBarView.swift; sourceTree = "<group>"; };
		9F0DEA122AE13CC5009376F1 /* RickAndMortyLibrary.app */ = {isa = PBXFileReference; explicitFileType = wrapper.application; includeInIndex = 0; path = RickAndMortyLibrary.app; sourceTree = BUILT_PRODUCTS_DIR; };
		9F0DEA152AE13CC5009376F1 /* RickAndMortyLibraryApp.swift */ = {isa = PBXFileReference; lastKnownFileType = sourcecode.swift; path = RickAndMortyLibraryApp.swift; sourceTree = "<group>"; };
		9F0DEA192AE13CC6009376F1 /* Assets.xcassets */ = {isa = PBXFileReference; lastKnownFileType = folder.assetcatalog; path = Assets.xcassets; sourceTree = "<group>"; };
		9F0DEA1C2AE13CC6009376F1 /* Preview Assets.xcassets */ = {isa = PBXFileReference; lastKnownFileType = folder.assetcatalog; path = "Preview Assets.xcassets"; sourceTree = "<group>"; };
		9F0DEA2C2AE149A9009376F1 /* CharacterModelDTO.swift */ = {isa = PBXFileReference; lastKnownFileType = sourcecode.swift; path = CharacterModelDTO.swift; sourceTree = "<group>"; };
		9F0DEA2E2AE149C6009376F1 /* CharacterModelBO.swift */ = {isa = PBXFileReference; lastKnownFileType = sourcecode.swift; path = CharacterModelBO.swift; sourceTree = "<group>"; };
		9F0DEA302AE149E1009376F1 /* CharacterMapper.swift */ = {isa = PBXFileReference; lastKnownFileType = sourcecode.swift; path = CharacterMapper.swift; sourceTree = "<group>"; };
		9F0DEA372AE15F23009376F1 /* ListHomeView.swift */ = {isa = PBXFileReference; lastKnownFileType = sourcecode.swift; path = ListHomeView.swift; sourceTree = "<group>"; };
		9F0DEA392AE15F3B009376F1 /* ListHomeViewModel.swift */ = {isa = PBXFileReference; lastKnownFileType = sourcecode.swift; path = ListHomeViewModel.swift; sourceTree = "<group>"; };
		9F0DEA3B2AE17AF6009376F1 /* Util.swift */ = {isa = PBXFileReference; lastKnownFileType = sourcecode.swift; path = Util.swift; sourceTree = "<group>"; };
		9F0DEA3F2AE18559009376F1 /* AppImage.swift */ = {isa = PBXFileReference; lastKnownFileType = sourcecode.swift; path = AppImage.swift; sourceTree = "<group>"; };
		9F0DEA442AE18C8C009376F1 /* CharacterRowView.swift */ = {isa = PBXFileReference; lastKnownFileType = sourcecode.swift; path = CharacterRowView.swift; sourceTree = "<group>"; };
		9F0DEA502AE1D92E009376F1 /* DetailViewModel.swift */ = {isa = PBXFileReference; lastKnownFileType = sourcecode.swift; path = DetailViewModel.swift; sourceTree = "<group>"; };
		9F0DEA522AE1D93B009376F1 /* DetailView.swift */ = {isa = PBXFileReference; lastKnownFileType = sourcecode.swift; path = DetailView.swift; sourceTree = "<group>"; };
		9F798BCA2B18FFA7008BEC6E /* ListWithSeparation.swift */ = {isa = PBXFileReference; lastKnownFileType = sourcecode.swift; path = ListWithSeparation.swift; sourceTree = "<group>"; };
		9F8445F82AF1E50700460822 /* SectionImageView.swift */ = {isa = PBXFileReference; lastKnownFileType = sourcecode.swift; path = SectionImageView.swift; sourceTree = "<group>"; };
		9F8445FA2AF1E6B200460822 /* SectionInformationView.swift */ = {isa = PBXFileReference; lastKnownFileType = sourcecode.swift; path = SectionInformationView.swift; sourceTree = "<group>"; };
		9F8445FC2AF1E6F700460822 /* SectionEpisodesAndCharactersView.swift */ = {isa = PBXFileReference; lastKnownFileType = sourcecode.swift; path = SectionEpisodesAndCharactersView.swift; sourceTree = "<group>"; };
		9F85AA892AE66BF400949BBD /* AsyncImageView.swift */ = {isa = PBXFileReference; lastKnownFileType = sourcecode.swift; path = AsyncImageView.swift; sourceTree = "<group>"; };
		9F8814872AE26F4700448501 /* EpisodeModelDTO.swift */ = {isa = PBXFileReference; lastKnownFileType = sourcecode.swift; path = EpisodeModelDTO.swift; sourceTree = "<group>"; };
		9F8814892AE26F5300448501 /* EpisodeModelBO.swift */ = {isa = PBXFileReference; lastKnownFileType = sourcecode.swift; path = EpisodeModelBO.swift; sourceTree = "<group>"; };
		9F88148B2AE26F6100448501 /* EpisodeMapper.swift */ = {isa = PBXFileReference; lastKnownFileType = sourcecode.swift; path = EpisodeMapper.swift; sourceTree = "<group>"; };
		9F88148D2AE2975B00448501 /* ErrorHandler.swift */ = {isa = PBXFileReference; lastKnownFileType = sourcecode.swift; path = ErrorHandler.swift; sourceTree = "<group>"; };
		9F88148F2AE2A96A00448501 /* Constants.swift */ = {isa = PBXFileReference; lastKnownFileType = sourcecode.swift; path = Constants.swift; sourceTree = "<group>"; };
		9F8814912AE2BBBE00448501 /* README.md */ = {isa = PBXFileReference; lastKnownFileType = net.daringfireball.markdown; path = README.md; sourceTree = "<group>"; };
		9F8CFF0F2B028A6100BC00EC /* SectionDetailView.swift */ = {isa = PBXFileReference; lastKnownFileType = sourcecode.swift; path = SectionDetailView.swift; sourceTree = "<group>"; };
		9F8CFF182B04D92E00BC00EC /* Repository.swift */ = {isa = PBXFileReference; lastKnownFileType = sourcecode.swift; path = Repository.swift; sourceTree = "<group>"; };
		9F8CFF1A2B04DA4800BC00EC /* InteractorRickAndMorty.swift */ = {isa = PBXFileReference; lastKnownFileType = sourcecode.swift; path = InteractorRickAndMorty.swift; sourceTree = "<group>"; };
		9FAAFBB72B0B75A500D65E6F /* TitleRowView.swift */ = {isa = PBXFileReference; lastKnownFileType = sourcecode.swift; path = TitleRowView.swift; sourceTree = "<group>"; };
		9FAAFBBA2B0B83CC00D65E6F /* HomeModelVO.swift */ = {isa = PBXFileReference; lastKnownFileType = sourcecode.swift; path = HomeModelVO.swift; sourceTree = "<group>"; };
		9FAAFBC02B0B880100D65E6F /* LocationModelDTO.swift */ = {isa = PBXFileReference; lastKnownFileType = sourcecode.swift; path = LocationModelDTO.swift; sourceTree = "<group>"; };
		9FAAFBC22B0B881000D65E6F /* LocationModelBO.swift */ = {isa = PBXFileReference; lastKnownFileType = sourcecode.swift; path = LocationModelBO.swift; sourceTree = "<group>"; };
		9FAAFBC42B0B882000D65E6F /* LocationMapper.swift */ = {isa = PBXFileReference; lastKnownFileType = sourcecode.swift; path = LocationMapper.swift; sourceTree = "<group>"; };
		9FAAFBCB2B0BCFE700D65E6F /* HomeViewProtocols.swift */ = {isa = PBXFileReference; lastKnownFileType = sourcecode.swift; path = HomeViewProtocols.swift; sourceTree = "<group>"; };
		9FAAFBCD2B0CD53800D65E6F /* DetailViewProtocols.swift */ = {isa = PBXFileReference; lastKnownFileType = sourcecode.swift; path = DetailViewProtocols.swift; sourceTree = "<group>"; };
		9FAAFBCF2B0CD69800D65E6F /* DetailModelVO.swift */ = {isa = PBXFileReference; lastKnownFileType = sourcecode.swift; path = DetailModelVO.swift; sourceTree = "<group>"; };
		9FB5F8522B61073F00C4042D /* StyleList.swift */ = {isa = PBXFileReference; lastKnownFileType = sourcecode.swift; path = StyleList.swift; sourceTree = "<group>"; };
		9FF9F9072AF18EAB00411BCC /* InfoDetailCharacterRowView.swift */ = {isa = PBXFileReference; lastKnownFileType = sourcecode.swift; path = InfoDetailCharacterRowView.swift; sourceTree = "<group>"; };
/* End PBXFileReference section */

/* Begin PBXFrameworksBuildPhase section */
		9F0DEA0F2AE13CC5009376F1 /* Frameworks */ = {
			isa = PBXFrameworksBuildPhase;
			buildActionMask = 2147483647;
			files = (
			);
			runOnlyForDeploymentPostprocessing = 0;
		};
/* End PBXFrameworksBuildPhase section */

/* Begin PBXGroup section */
		9F0C75D02B31C2D600DF1CB7 /* TabBar */ = {
			isa = PBXGroup;
			children = (
				9F0C75D12B31C30F00DF1CB7 /* TabBarView.swift */,
			);
			path = TabBar;
			sourceTree = "<group>";
		};
		9F0DEA092AE13CC5009376F1 = {
			isa = PBXGroup;
			children = (
				9F8814912AE2BBBE00448501 /* README.md */,
				9F0DEA142AE13CC5009376F1 /* RickAndMortyLibrary */,
				9F0DEA132AE13CC5009376F1 /* Products */,
			);
			sourceTree = "<group>";
		};
		9F0DEA132AE13CC5009376F1 /* Products */ = {
			isa = PBXGroup;
			children = (
				9F0DEA122AE13CC5009376F1 /* RickAndMortyLibrary.app */,
			);
			name = Products;
			sourceTree = "<group>";
		};
		9F0DEA142AE13CC5009376F1 /* RickAndMortyLibrary */ = {
			isa = PBXGroup;
			children = (
				9F8CFF122B04004800BC00EC /* Shared */,
				9F0DEA272AE1440E009376F1 /* Model */,
				9F0DEA262AE143FD009376F1 /* UseCases */,
				9F0DEA252AE143F3009376F1 /* Provider */,
				9F0DEA242AE143E1009376F1 /* Utils */,
				9F0DEA232AE142CB009376F1 /* SupportingFiles */,
				9F0DEA152AE13CC5009376F1 /* RickAndMortyLibraryApp.swift */,
				9F0DEA192AE13CC6009376F1 /* Assets.xcassets */,
				9F0DEA1B2AE13CC6009376F1 /* Preview Content */,
			);
			path = RickAndMortyLibrary;
			sourceTree = "<group>";
		};
		9F0DEA1B2AE13CC6009376F1 /* Preview Content */ = {
			isa = PBXGroup;
			children = (
				9F0DEA1C2AE13CC6009376F1 /* Preview Assets.xcassets */,
			);
			path = "Preview Content";
			sourceTree = "<group>";
		};
		9F0DEA232AE142CB009376F1 /* SupportingFiles */ = {
			isa = PBXGroup;
			children = (
			);
			path = SupportingFiles;
			sourceTree = "<group>";
		};
		9F0DEA242AE143E1009376F1 /* Utils */ = {
			isa = PBXGroup;
			children = (
				9F0DEA3B2AE17AF6009376F1 /* Util.swift */,
				9F88148D2AE2975B00448501 /* ErrorHandler.swift */,
				9F88148F2AE2A96A00448501 /* Constants.swift */,
			);
			path = Utils;
			sourceTree = "<group>";
		};
		9F0DEA252AE143F3009376F1 /* Provider */ = {
			isa = PBXGroup;
			children = (
				9FAAFBCA2B0BCBC000D65E6F /* Interactor */,
				9F0DEA322AE1575C009376F1 /* Repository */,
			);
			path = Provider;
			sourceTree = "<group>";
		};
		9F0DEA262AE143FD009376F1 /* UseCases */ = {
			isa = PBXGroup;
			children = (
				9F0C75D02B31C2D600DF1CB7 /* TabBar */,
				9F8CFF142B04D5C600BC00EC /* Home */,
				9F0DEA4F2AE1D916009376F1 /* DetailCharacter */,
			);
			path = UseCases;
			sourceTree = "<group>";
		};
		9F0DEA272AE1440E009376F1 /* Model */ = {
			isa = PBXGroup;
			children = (
				9F0DEA282AE1497E009376F1 /* Character */,
				9F8814832AE26EE100448501 /* Episode */,
				9FAAFBBC2B0B87D000D65E6F /* Locations */,
				9FAAFBB92B0B83AA00D65E6F /* VO */,
			);
			path = Model;
			sourceTree = "<group>";
		};
		9F0DEA282AE1497E009376F1 /* Character */ = {
			isa = PBXGroup;
			children = (
				9F0DEA2B2AE14995009376F1 /* DTO */,
				9F0DEA2A2AE1498F009376F1 /* BO */,
				9F0DEA292AE14987009376F1 /* Mapper */,
			);
			path = Character;
			sourceTree = "<group>";
		};
		9F0DEA292AE14987009376F1 /* Mapper */ = {
			isa = PBXGroup;
			children = (
				9F0DEA302AE149E1009376F1 /* CharacterMapper.swift */,
			);
			path = Mapper;
			sourceTree = "<group>";
		};
		9F0DEA2A2AE1498F009376F1 /* BO */ = {
			isa = PBXGroup;
			children = (
				9F0DEA2E2AE149C6009376F1 /* CharacterModelBO.swift */,
			);
			path = BO;
			sourceTree = "<group>";
		};
		9F0DEA2B2AE14995009376F1 /* DTO */ = {
			isa = PBXGroup;
			children = (
				9F0DEA2C2AE149A9009376F1 /* CharacterModelDTO.swift */,
			);
			path = DTO;
			sourceTree = "<group>";
		};
		9F0DEA322AE1575C009376F1 /* Repository */ = {
			isa = PBXGroup;
			children = (
				9F8CFF182B04D92E00BC00EC /* Repository.swift */,
			);
			path = Repository;
			sourceTree = "<group>";
		};
		9F0DEA3E2AE18547009376F1 /* AppImage */ = {
			isa = PBXGroup;
			children = (
				9F0DEA3F2AE18559009376F1 /* AppImage.swift */,
			);
			path = AppImage;
			sourceTree = "<group>";
		};
		9F0DEA432AE18C79009376F1 /* Rows */ = {
			isa = PBXGroup;
			children = (
				9F0DEA442AE18C8C009376F1 /* CharacterRowView.swift */,
				9FAAFBB72B0B75A500D65E6F /* TitleRowView.swift */,
			);
			path = Rows;
			sourceTree = "<group>";
		};
		9F0DEA4F2AE1D916009376F1 /* DetailCharacter */ = {
			isa = PBXGroup;
			children = (
				9F8445F72AF1E4E600460822 /* Sections */,
				9F0DEA522AE1D93B009376F1 /* DetailView.swift */,
				9F0DEA502AE1D92E009376F1 /* DetailViewModel.swift */,
			);
			path = DetailCharacter;
			sourceTree = "<group>";
		};
		9F8445F72AF1E4E600460822 /* Sections */ = {
			isa = PBXGroup;
			children = (
				9F8445F82AF1E50700460822 /* SectionImageView.swift */,
				9F8445FA2AF1E6B200460822 /* SectionInformationView.swift */,
				9F8445FC2AF1E6F700460822 /* SectionEpisodesAndCharactersView.swift */,
			);
			path = Sections;
			sourceTree = "<group>";
		};
		9F8814832AE26EE100448501 /* Episode */ = {
			isa = PBXGroup;
			children = (
				9F8814862AE26F3300448501 /* DTO */,
				9F8814852AE26F2C00448501 /* BO */,
				9F8814842AE26F2500448501 /* Mapper */,
			);
			path = Episode;
			sourceTree = "<group>";
		};
		9F8814842AE26F2500448501 /* Mapper */ = {
			isa = PBXGroup;
			children = (
				9F88148B2AE26F6100448501 /* EpisodeMapper.swift */,
			);
			path = Mapper;
			sourceTree = "<group>";
		};
		9F8814852AE26F2C00448501 /* BO */ = {
			isa = PBXGroup;
			children = (
				9F8814892AE26F5300448501 /* EpisodeModelBO.swift */,
			);
			path = BO;
			sourceTree = "<group>";
		};
		9F8814862AE26F3300448501 /* DTO */ = {
			isa = PBXGroup;
			children = (
				9F8814872AE26F4700448501 /* EpisodeModelDTO.swift */,
			);
			path = DTO;
			sourceTree = "<group>";
		};
		9F8CFF112B04004100BC00EC /* Modifiers */ = {
			isa = PBXGroup;
			children = (
				9FB5F8522B61073F00C4042D /* StyleList.swift */,
			);
			path = Modifiers;
			sourceTree = "<group>";
		};
		9F8CFF122B04004800BC00EC /* Shared */ = {
			isa = PBXGroup;
			children = (
				9F8CFF112B04004100BC00EC /* Modifiers */,
				9F8CFF1C2B056E7700BC00EC /* Protocols */,
				9F8CFF132B04014A00BC00EC /* Views */,
				9F0DEA3E2AE18547009376F1 /* AppImage */,
			);
			path = Shared;
			sourceTree = "<group>";
		};
		9F8CFF132B04014A00BC00EC /* Views */ = {
			isa = PBXGroup;
			children = (
				9F8CFF0F2B028A6100BC00EC /* SectionDetailView.swift */,
				9FF9F9072AF18EAB00411BCC /* InfoDetailCharacterRowView.swift */,
				9F85AA892AE66BF400949BBD /* AsyncImageView.swift */,
				9F798BCA2B18FFA7008BEC6E /* ListWithSeparation.swift */,
			);
			path = Views;
			sourceTree = "<group>";
		};
		9F8CFF142B04D5C600BC00EC /* Home */ = {
			isa = PBXGroup;
			children = (
				9F0DEA432AE18C79009376F1 /* Rows */,
				9F0DEA372AE15F23009376F1 /* ListHomeView.swift */,
				9F0DEA392AE15F3B009376F1 /* ListHomeViewModel.swift */,
			);
			path = Home;
			sourceTree = "<group>";
		};
		9F8CFF1C2B056E7700BC00EC /* Protocols */ = {
			isa = PBXGroup;
			children = (
				9FAAFBCB2B0BCFE700D65E6F /* HomeViewProtocols.swift */,
				9FAAFBCD2B0CD53800D65E6F /* DetailViewProtocols.swift */,
			);
			path = Protocols;
			sourceTree = "<group>";
		};
		9FAAFBB92B0B83AA00D65E6F /* VO */ = {
			isa = PBXGroup;
			children = (
				9FAAFBBA2B0B83CC00D65E6F /* HomeModelVO.swift */,
				9FAAFBCF2B0CD69800D65E6F /* DetailModelVO.swift */,
			);
			path = VO;
			sourceTree = "<group>";
		};
		9FAAFBBC2B0B87D000D65E6F /* Locations */ = {
			isa = PBXGroup;
			children = (
				9FAAFBBF2B0B87EA00D65E6F /* DTO */,
				9FAAFBBE2B0B87E400D65E6F /* BO */,
				9FAAFBBD2B0B87DA00D65E6F /* Mapper */,
			);
			path = Locations;
			sourceTree = "<group>";
		};
		9FAAFBBD2B0B87DA00D65E6F /* Mapper */ = {
			isa = PBXGroup;
			children = (
				9FAAFBC42B0B882000D65E6F /* LocationMapper.swift */,
			);
			path = Mapper;
			sourceTree = "<group>";
		};
		9FAAFBBE2B0B87E400D65E6F /* BO */ = {
			isa = PBXGroup;
			children = (
				9FAAFBC22B0B881000D65E6F /* LocationModelBO.swift */,
			);
			path = BO;
			sourceTree = "<group>";
		};
		9FAAFBBF2B0B87EA00D65E6F /* DTO */ = {
			isa = PBXGroup;
			children = (
				9FAAFBC02B0B880100D65E6F /* LocationModelDTO.swift */,
			);
			path = DTO;
			sourceTree = "<group>";
		};
		9FAAFBCA2B0BCBC000D65E6F /* Interactor */ = {
			isa = PBXGroup;
			children = (
				9F8CFF1A2B04DA4800BC00EC /* InteractorRickAndMorty.swift */,
			);
			path = Interactor;
			sourceTree = "<group>";
		};
/* End PBXGroup section */

/* Begin PBXNativeTarget section */
		9F0DEA112AE13CC5009376F1 /* RickAndMortyLibrary */ = {
			isa = PBXNativeTarget;
			buildConfigurationList = 9F0DEA202AE13CC6009376F1 /* Build configuration list for PBXNativeTarget "RickAndMortyLibrary" */;
			buildPhases = (
				9F0DEA0E2AE13CC5009376F1 /* Sources */,
				9F0DEA0F2AE13CC5009376F1 /* Frameworks */,
				9F0DEA102AE13CC5009376F1 /* Resources */,
			);
			buildRules = (
			);
			dependencies = (
			);
			name = RickAndMortyLibrary;
			productName = RickAndMortyLibrary;
			productReference = 9F0DEA122AE13CC5009376F1 /* RickAndMortyLibrary.app */;
			productType = "com.apple.product-type.application";
		};
/* End PBXNativeTarget section */

/* Begin PBXProject section */
		9F0DEA0A2AE13CC5009376F1 /* Project object */ = {
			isa = PBXProject;
			attributes = {
				BuildIndependentTargetsInParallel = 1;
				LastSwiftUpdateCheck = 1500;
				LastUpgradeCheck = 1500;
				TargetAttributes = {
					9F0DEA112AE13CC5009376F1 = {
						CreatedOnToolsVersion = 15.0;
					};
				};
			};
			buildConfigurationList = 9F0DEA0D2AE13CC5009376F1 /* Build configuration list for PBXProject "RickAndMortyLibrary" */;
			compatibilityVersion = "Xcode 14.0";
			developmentRegion = en;
			hasScannedForEncodings = 0;
			knownRegions = (
				en,
				Base,
			);
			mainGroup = 9F0DEA092AE13CC5009376F1;
			productRefGroup = 9F0DEA132AE13CC5009376F1 /* Products */;
			projectDirPath = "";
			projectRoot = "";
			targets = (
				9F0DEA112AE13CC5009376F1 /* RickAndMortyLibrary */,
			);
		};
/* End PBXProject section */

/* Begin PBXResourcesBuildPhase section */
		9F0DEA102AE13CC5009376F1 /* Resources */ = {
			isa = PBXResourcesBuildPhase;
			buildActionMask = 2147483647;
			files = (
				9F8814922AE2BBBE00448501 /* README.md in Resources */,
				9F0DEA1D2AE13CC6009376F1 /* Preview Assets.xcassets in Resources */,
				9F0DEA1A2AE13CC6009376F1 /* Assets.xcassets in Resources */,
			);
			runOnlyForDeploymentPostprocessing = 0;
		};
/* End PBXResourcesBuildPhase section */

/* Begin PBXSourcesBuildPhase section */
		9F0DEA0E2AE13CC5009376F1 /* Sources */ = {
			isa = PBXSourcesBuildPhase;
			buildActionMask = 2147483647;
			files = (
				9F0DEA452AE18C8C009376F1 /* CharacterRowView.swift in Sources */,
				9FAAFBBB2B0B83CC00D65E6F /* HomeModelVO.swift in Sources */,
				9FAAFBC12B0B880100D65E6F /* LocationModelDTO.swift in Sources */,
				9F798BCB2B18FFA7008BEC6E /* ListWithSeparation.swift in Sources */,
				9FB5F8532B61073F00C4042D /* StyleList.swift in Sources */,
				9F8CFF1B2B04DA4800BC00EC /* InteractorRickAndMorty.swift in Sources */,
				9FAAFBC32B0B881000D65E6F /* LocationModelBO.swift in Sources */,
				9F8814902AE2A96A00448501 /* Constants.swift in Sources */,
				9F0DEA512AE1D92E009376F1 /* DetailViewModel.swift in Sources */,
				9F0DEA3A2AE15F3B009376F1 /* ListHomeViewModel.swift in Sources */,
				9F8445FD2AF1E6F700460822 /* SectionEpisodesAndCharactersView.swift in Sources */,
				9F0C75D22B31C30F00DF1CB7 /* TabBarView.swift in Sources */,
				9F0DEA532AE1D93B009376F1 /* DetailView.swift in Sources */,
				9FAAFBD02B0CD69800D65E6F /* DetailModelVO.swift in Sources */,
				9F0DEA3C2AE17AF6009376F1 /* Util.swift in Sources */,
				9FAAFBB82B0B75A500D65E6F /* TitleRowView.swift in Sources */,
				9F8445FB2AF1E6B200460822 /* SectionInformationView.swift in Sources */,
				9F0DEA312AE149E1009376F1 /* CharacterMapper.swift in Sources */,
				9F8CFF102B028A6100BC00EC /* SectionDetailView.swift in Sources */,
				9F0DEA2F2AE149C6009376F1 /* CharacterModelBO.swift in Sources */,
				9F0DEA382AE15F23009376F1 /* ListHomeView.swift in Sources */,
				9F88148C2AE26F6100448501 /* EpisodeMapper.swift in Sources */,
				9F0DEA2D2AE149A9009376F1 /* CharacterModelDTO.swift in Sources */,
				9FAAFBC52B0B882000D65E6F /* LocationMapper.swift in Sources */,
				9F8445F92AF1E50700460822 /* SectionImageView.swift in Sources */,
				9F88148A2AE26F5300448501 /* EpisodeModelBO.swift in Sources */,
				9F8CFF192B04D92E00BC00EC /* Repository.swift in Sources */,
				9F0DEA162AE13CC5009376F1 /* RickAndMortyLibraryApp.swift in Sources */,
				9F8814882AE26F4700448501 /* EpisodeModelDTO.swift in Sources */,
				9FAAFBCC2B0BCFE700D65E6F /* HomeViewProtocols.swift in Sources */,
				9F85AA8A2AE66BF400949BBD /* AsyncImageView.swift in Sources */,
				9FF9F9082AF18EAB00411BCC /* InfoDetailCharacterRowView.swift in Sources */,
				9F88148E2AE2975B00448501 /* ErrorHandler.swift in Sources */,
				9FAAFBCE2B0CD53800D65E6F /* DetailViewProtocols.swift in Sources */,
				9F0DEA402AE18559009376F1 /* AppImage.swift in Sources */,
			);
			runOnlyForDeploymentPostprocessing = 0;
		};
/* End PBXSourcesBuildPhase section */

/* Begin XCBuildConfiguration section */
		9F0DEA1E2AE13CC6009376F1 /* Debug */ = {
			isa = XCBuildConfiguration;
			buildSettings = {
				ALWAYS_SEARCH_USER_PATHS = NO;
				ASSETCATALOG_COMPILER_GENERATE_SWIFT_ASSET_SYMBOL_EXTENSIONS = YES;
				CLANG_ANALYZER_NONNULL = YES;
				CLANG_ANALYZER_NUMBER_OBJECT_CONVERSION = YES_AGGRESSIVE;
				CLANG_CXX_LANGUAGE_STANDARD = "gnu++20";
				CLANG_ENABLE_MODULES = YES;
				CLANG_ENABLE_OBJC_ARC = YES;
				CLANG_ENABLE_OBJC_WEAK = YES;
				CLANG_WARN_BLOCK_CAPTURE_AUTORELEASING = YES;
				CLANG_WARN_BOOL_CONVERSION = YES;
				CLANG_WARN_COMMA = YES;
				CLANG_WARN_CONSTANT_CONVERSION = YES;
				CLANG_WARN_DEPRECATED_OBJC_IMPLEMENTATIONS = YES;
				CLANG_WARN_DIRECT_OBJC_ISA_USAGE = YES_ERROR;
				CLANG_WARN_DOCUMENTATION_COMMENTS = YES;
				CLANG_WARN_EMPTY_BODY = YES;
				CLANG_WARN_ENUM_CONVERSION = YES;
				CLANG_WARN_INFINITE_RECURSION = YES;
				CLANG_WARN_INT_CONVERSION = YES;
				CLANG_WARN_NON_LITERAL_NULL_CONVERSION = YES;
				CLANG_WARN_OBJC_IMPLICIT_RETAIN_SELF = YES;
				CLANG_WARN_OBJC_LITERAL_CONVERSION = YES;
				CLANG_WARN_OBJC_ROOT_CLASS = YES_ERROR;
				CLANG_WARN_QUOTED_INCLUDE_IN_FRAMEWORK_HEADER = YES;
				CLANG_WARN_RANGE_LOOP_ANALYSIS = YES;
				CLANG_WARN_STRICT_PROTOTYPES = YES;
				CLANG_WARN_SUSPICIOUS_MOVE = YES;
				CLANG_WARN_UNGUARDED_AVAILABILITY = YES_AGGRESSIVE;
				CLANG_WARN_UNREACHABLE_CODE = YES;
				CLANG_WARN__DUPLICATE_METHOD_MATCH = YES;
				COPY_PHASE_STRIP = NO;
				DEBUG_INFORMATION_FORMAT = dwarf;
				ENABLE_STRICT_OBJC_MSGSEND = YES;
				ENABLE_TESTABILITY = YES;
				ENABLE_USER_SCRIPT_SANDBOXING = YES;
				GCC_C_LANGUAGE_STANDARD = gnu17;
				GCC_DYNAMIC_NO_PIC = NO;
				GCC_NO_COMMON_BLOCKS = YES;
				GCC_OPTIMIZATION_LEVEL = 0;
				GCC_PREPROCESSOR_DEFINITIONS = (
					"DEBUG=1",
					"$(inherited)",
				);
				GCC_WARN_64_TO_32_BIT_CONVERSION = YES;
				GCC_WARN_ABOUT_RETURN_TYPE = YES_ERROR;
				GCC_WARN_UNDECLARED_SELECTOR = YES;
				GCC_WARN_UNINITIALIZED_AUTOS = YES_AGGRESSIVE;
				GCC_WARN_UNUSED_FUNCTION = YES;
				GCC_WARN_UNUSED_VARIABLE = YES;
				IPHONEOS_DEPLOYMENT_TARGET = 17.0;
				LOCALIZATION_PREFERS_STRING_CATALOGS = YES;
				MTL_ENABLE_DEBUG_INFO = INCLUDE_SOURCE;
				MTL_FAST_MATH = YES;
				ONLY_ACTIVE_ARCH = YES;
				SDKROOT = iphoneos;
				SWIFT_ACTIVE_COMPILATION_CONDITIONS = "DEBUG $(inherited)";
				SWIFT_OPTIMIZATION_LEVEL = "-Onone";
			};
			name = Debug;
		};
		9F0DEA1F2AE13CC6009376F1 /* Release */ = {
			isa = XCBuildConfiguration;
			buildSettings = {
				ALWAYS_SEARCH_USER_PATHS = NO;
				ASSETCATALOG_COMPILER_GENERATE_SWIFT_ASSET_SYMBOL_EXTENSIONS = YES;
				CLANG_ANALYZER_NONNULL = YES;
				CLANG_ANALYZER_NUMBER_OBJECT_CONVERSION = YES_AGGRESSIVE;
				CLANG_CXX_LANGUAGE_STANDARD = "gnu++20";
				CLANG_ENABLE_MODULES = YES;
				CLANG_ENABLE_OBJC_ARC = YES;
				CLANG_ENABLE_OBJC_WEAK = YES;
				CLANG_WARN_BLOCK_CAPTURE_AUTORELEASING = YES;
				CLANG_WARN_BOOL_CONVERSION = YES;
				CLANG_WARN_COMMA = YES;
				CLANG_WARN_CONSTANT_CONVERSION = YES;
				CLANG_WARN_DEPRECATED_OBJC_IMPLEMENTATIONS = YES;
				CLANG_WARN_DIRECT_OBJC_ISA_USAGE = YES_ERROR;
				CLANG_WARN_DOCUMENTATION_COMMENTS = YES;
				CLANG_WARN_EMPTY_BODY = YES;
				CLANG_WARN_ENUM_CONVERSION = YES;
				CLANG_WARN_INFINITE_RECURSION = YES;
				CLANG_WARN_INT_CONVERSION = YES;
				CLANG_WARN_NON_LITERAL_NULL_CONVERSION = YES;
				CLANG_WARN_OBJC_IMPLICIT_RETAIN_SELF = YES;
				CLANG_WARN_OBJC_LITERAL_CONVERSION = YES;
				CLANG_WARN_OBJC_ROOT_CLASS = YES_ERROR;
				CLANG_WARN_QUOTED_INCLUDE_IN_FRAMEWORK_HEADER = YES;
				CLANG_WARN_RANGE_LOOP_ANALYSIS = YES;
				CLANG_WARN_STRICT_PROTOTYPES = YES;
				CLANG_WARN_SUSPICIOUS_MOVE = YES;
				CLANG_WARN_UNGUARDED_AVAILABILITY = YES_AGGRESSIVE;
				CLANG_WARN_UNREACHABLE_CODE = YES;
				CLANG_WARN__DUPLICATE_METHOD_MATCH = YES;
				COPY_PHASE_STRIP = NO;
				DEBUG_INFORMATION_FORMAT = "dwarf-with-dsym";
				ENABLE_NS_ASSERTIONS = NO;
				ENABLE_STRICT_OBJC_MSGSEND = YES;
				ENABLE_USER_SCRIPT_SANDBOXING = YES;
				GCC_C_LANGUAGE_STANDARD = gnu17;
				GCC_NO_COMMON_BLOCKS = YES;
				GCC_WARN_64_TO_32_BIT_CONVERSION = YES;
				GCC_WARN_ABOUT_RETURN_TYPE = YES_ERROR;
				GCC_WARN_UNDECLARED_SELECTOR = YES;
				GCC_WARN_UNINITIALIZED_AUTOS = YES_AGGRESSIVE;
				GCC_WARN_UNUSED_FUNCTION = YES;
				GCC_WARN_UNUSED_VARIABLE = YES;
				IPHONEOS_DEPLOYMENT_TARGET = 17.0;
				LOCALIZATION_PREFERS_STRING_CATALOGS = YES;
				MTL_ENABLE_DEBUG_INFO = NO;
				MTL_FAST_MATH = YES;
				SDKROOT = iphoneos;
				SWIFT_COMPILATION_MODE = wholemodule;
				VALIDATE_PRODUCT = YES;
			};
			name = Release;
		};
		9F0DEA212AE13CC6009376F1 /* Debug */ = {
			isa = XCBuildConfiguration;
			buildSettings = {
				ASSETCATALOG_COMPILER_APPICON_NAME = AppIcon;
				ASSETCATALOG_COMPILER_GLOBAL_ACCENT_COLOR_NAME = AccentColor;
				CODE_SIGN_STYLE = Automatic;
				CURRENT_PROJECT_VERSION = 1;
				DEVELOPMENT_ASSET_PATHS = "\"RickAndMortyLibrary/Preview Content\"";
				DEVELOPMENT_TEAM = NV5FY49WBP;
				ENABLE_PREVIEWS = YES;
				GENERATE_INFOPLIST_FILE = YES;
				INFOPLIST_KEY_UIApplicationSceneManifest_Generation = YES;
				INFOPLIST_KEY_UIApplicationSupportsIndirectInputEvents = YES;
				INFOPLIST_KEY_UILaunchScreen_Generation = YES;
				INFOPLIST_KEY_UISupportedInterfaceOrientations_iPad = "UIInterfaceOrientationPortrait UIInterfaceOrientationPortraitUpsideDown UIInterfaceOrientationLandscapeLeft UIInterfaceOrientationLandscapeRight";
				INFOPLIST_KEY_UISupportedInterfaceOrientations_iPhone = "UIInterfaceOrientationPortrait UIInterfaceOrientationLandscapeLeft UIInterfaceOrientationLandscapeRight";
				IPHONEOS_DEPLOYMENT_TARGET = 15.0;
				LD_RUNPATH_SEARCH_PATHS = (
					"$(inherited)",
					"@executable_path/Frameworks",
				);
				MARKETING_VERSION = 1.0;
				PRODUCT_BUNDLE_IDENTIFIER = andresaleu.RickAndMortyLibrary;
				PRODUCT_NAME = "$(TARGET_NAME)";
				SWIFT_EMIT_LOC_STRINGS = YES;
				SWIFT_VERSION = 5.0;
				TARGETED_DEVICE_FAMILY = "1,2";
			};
			name = Debug;
		};
		9F0DEA222AE13CC6009376F1 /* Release */ = {
			isa = XCBuildConfiguration;
			buildSettings = {
				ASSETCATALOG_COMPILER_APPICON_NAME = AppIcon;
				ASSETCATALOG_COMPILER_GLOBAL_ACCENT_COLOR_NAME = AccentColor;
				CODE_SIGN_STYLE = Automatic;
				CURRENT_PROJECT_VERSION = 1;
				DEVELOPMENT_ASSET_PATHS = "\"RickAndMortyLibrary/Preview Content\"";
				DEVELOPMENT_TEAM = NV5FY49WBP;
				ENABLE_PREVIEWS = YES;
				GENERATE_INFOPLIST_FILE = YES;
				INFOPLIST_KEY_UIApplicationSceneManifest_Generation = YES;
				INFOPLIST_KEY_UIApplicationSupportsIndirectInputEvents = YES;
				INFOPLIST_KEY_UILaunchScreen_Generation = YES;
				INFOPLIST_KEY_UISupportedInterfaceOrientations_iPad = "UIInterfaceOrientationPortrait UIInterfaceOrientationPortraitUpsideDown UIInterfaceOrientationLandscapeLeft UIInterfaceOrientationLandscapeRight";
				INFOPLIST_KEY_UISupportedInterfaceOrientations_iPhone = "UIInterfaceOrientationPortrait UIInterfaceOrientationLandscapeLeft UIInterfaceOrientationLandscapeRight";
				IPHONEOS_DEPLOYMENT_TARGET = 15.0;
				LD_RUNPATH_SEARCH_PATHS = (
					"$(inherited)",
					"@executable_path/Frameworks",
				);
				MARKETING_VERSION = 1.0;
				PRODUCT_BUNDLE_IDENTIFIER = andresaleu.RickAndMortyLibrary;
				PRODUCT_NAME = "$(TARGET_NAME)";
				SWIFT_EMIT_LOC_STRINGS = YES;
				SWIFT_VERSION = 5.0;
				TARGETED_DEVICE_FAMILY = "1,2";
			};
			name = Release;
		};
/* End XCBuildConfiguration section */

/* Begin XCConfigurationList section */
		9F0DEA0D2AE13CC5009376F1 /* Build configuration list for PBXProject "RickAndMortyLibrary" */ = {
			isa = XCConfigurationList;
			buildConfigurations = (
				9F0DEA1E2AE13CC6009376F1 /* Debug */,
				9F0DEA1F2AE13CC6009376F1 /* Release */,
			);
			defaultConfigurationIsVisible = 0;
			defaultConfigurationName = Release;
		};
		9F0DEA202AE13CC6009376F1 /* Build configuration list for PBXNativeTarget "RickAndMortyLibrary" */ = {
			isa = XCConfigurationList;
			buildConfigurations = (
				9F0DEA212AE13CC6009376F1 /* Debug */,
				9F0DEA222AE13CC6009376F1 /* Release */,
			);
			defaultConfigurationIsVisible = 0;
			defaultConfigurationName = Release;
		};
/* End XCConfigurationList section */
	};
	rootObject = 9F0DEA0A2AE13CC5009376F1 /* Project object */;
}
